
Microsoft Visual Studio Solution File, Format Version 12.00
# Visual Studio 15
VisualStudioVersion = 15.0.27130.2036
MinimumVisualStudioVersion = 10.0.40219.1
Project("{FAE04EC0-301F-11D3-BF4B-00C04F79EFBC}") = "Vidly", "Vidly\Vidly.csproj", "{46D3B561-B646-436D-91C0-78126CE0DFCA}"
EndProject
Global
	GlobalSection(SolutionConfigurationPlatforms) = preSolution
		Debug|Any CPU = Debug|Any CPU
		Release|Any CPU = Release|Any CPU
	EndGlobalSection
	GlobalSection(ProjectConfigurationPlatforms) = postSolution
		{46D3B561-B646-436D-91C0-78126CE0DFCA}.Debug|Any CPU.ActiveCfg = Debug|Any CPU
		{46D3B561-B646-436D-91C0-78126CE0DFCA}.Debug|Any CPU.Build.0 = Debug|Any CPU
		{46D3B561-B646-436D-91C0-78126CE0DFCA}.Release|Any CPU.ActiveCfg = Release|Any CPU
		{46D3B561-B646-436D-91C0-78126CE0DFCA}.Release|Any CPU.Build.0 = Release|Any CPU
	EndGlobalSection
	GlobalSection(SolutionProperties) = preSolution
		HideSolutionNode = FALSE
	EndGlobalSection
	GlobalSection(ExtensibilityGlobals) = postSolution
		SolutionGuid = {D9E8C92A-E6D3-426F-A273-3BCCF95D96BE}
	EndGlobalSection
EndGlobal
